# This file is autogenerated, do not edit; changes may be undone by the next 'dep ensure'.


[[projects]]
  name = "github.com/dave/jennifer"
  packages = ["jen"]
  revision = "724ff9887965e893831e9493011297e6bc01ecb4"
  version = "v1.4.0"

[solve-meta]
  analyzer-name = "dep"
  analyzer-version = 1
  inputs-digest = "32c43d922fa782ed1e847c7403dd671b96fc14b9d811152e65deef6fa658c1b3"
  solver-name = "gps-cdcl"
  solver-version = 1
